
Microsoft Visual Studio Solution File, Format Version 12.00
# Visual Studio 15
VisualStudioVersion = 15.0.27428.2015
MinimumVisualStudioVersion = 10.0.40219.1
Project("{FAE04EC0-301F-11D3-BF4B-00C04F79EFBC}") = "DSAProblems", "DSAProblems\DSAProblems.csproj", "{3814A32E-BC5B-4A8A-A782-5747B32FD219}"
EndProject
Global
	GlobalSection(SolutionConfigurationPlatforms) = preSolution
		Debug|Any CPU = Debug|Any CPU
		Release|Any CPU = Release|Any CPU
	EndGlobalSection
	GlobalSection(ProjectConfigurationPlatforms) = postSolution
		{3814A32E-BC5B-4A8A-A782-5747B32FD219}.Debug|Any CPU.ActiveCfg = Debug|Any CPU
		{3814A32E-BC5B-4A8A-A782-5747B32FD219}.Debug|Any CPU.Build.0 = Debug|Any CPU
		{3814A32E-BC5B-4A8A-A782-5747B32FD219}.Release|Any CPU.ActiveCfg = Release|Any CPU
		{3814A32E-BC5B-4A8A-A782-5747B32FD219}.Release|Any CPU.Build.0 = Release|Any CPU
	EndGlobalSection
	GlobalSection(SolutionProperties) = preSolution
		HideSolutionNode = FALSE
	EndGlobalSection
	GlobalSection(ExtensibilityGlobals) = postSolution
		SolutionGuid = {BC33B0C0-D5F9-45CB-9682-A2C09496D665}
	EndGlobalSection
EndGlobal
