
Microsoft Visual Studio Solution File, Format Version 12.00
# Visual Studio Version 16
VisualStudioVersion = 16.0.31729.503
MinimumVisualStudioVersion = 10.0.40219.1
Project("{9A19103F-16F7-4668-BE54-9A1E7A4F7556}") = "DSAProblems", "DSAProblems\DSAProblems.csproj", "{3814A32E-BC5B-4A8A-A782-5747B32FD219}"
EndProject
Project("{FAE04EC0-301F-11D3-BF4B-00C04F79EFBC}") = "CabBooking", "CabBooking\CabBooking.csproj", "{27098168-573C-4B0D-8EEA-059412AF5534}"
EndProject
Global
	GlobalSection(SolutionConfigurationPlatforms) = preSolution
		Debug|Any CPU = Debug|Any CPU
		Release|Any CPU = Release|Any CPU
	EndGlobalSection
	GlobalSection(ProjectConfigurationPlatforms) = postSolution
		{3814A32E-BC5B-4A8A-A782-5747B32FD219}.Debug|Any CPU.ActiveCfg = Debug|Any CPU
		{3814A32E-BC5B-4A8A-A782-5747B32FD219}.Debug|Any CPU.Build.0 = Debug|Any CPU
		{3814A32E-BC5B-4A8A-A782-5747B32FD219}.Release|Any CPU.ActiveCfg = Release|Any CPU
		{3814A32E-BC5B-4A8A-A782-5747B32FD219}.Release|Any CPU.Build.0 = Release|Any CPU
		{27098168-573C-4B0D-8EEA-059412AF5534}.Debug|Any CPU.ActiveCfg = Debug|Any CPU
		{27098168-573C-4B0D-8EEA-059412AF5534}.Debug|Any CPU.Build.0 = Debug|Any CPU
		{27098168-573C-4B0D-8EEA-059412AF5534}.Release|Any CPU.ActiveCfg = Release|Any CPU
		{27098168-573C-4B0D-8EEA-059412AF5534}.Release|Any CPU.Build.0 = Release|Any CPU
	EndGlobalSection
	GlobalSection(SolutionProperties) = preSolution
		HideSolutionNode = FALSE
	EndGlobalSection
	GlobalSection(ExtensibilityGlobals) = postSolution
		SolutionGuid = {BC33B0C0-D5F9-45CB-9682-A2C09496D665}
	EndGlobalSection
EndGlobal
